
Microsoft Visual Studio Solution File, Format Version 12.00
# Visual Studio Version 17
VisualStudioVersion = 17.7.34024.191
MinimumVisualStudioVersion = 10.0.40219.1
Project("{FAE04EC0-301F-11D3-BF4B-00C04F79EFBC}") = "Team6.[FBusSchedule].API", "Team6.[FBusSchedule].API\Team6.[FBusSchedule].API.csproj", "{FA311918-F242-40B5-B051-B682D211CD34}"
EndProject
Project("{FAE04EC0-301F-11D3-BF4B-00C04F79EFBC}") = "Team6.[FbusSchedule].Repository", "Team6.[FbusSchedule].Repository\Team6.[FbusSchedule].Repository.csproj", "{41F7C784-FB8D-43EA-874D-3C8811CD085F}"
EndProject
Project("{FAE04EC0-301F-11D3-BF4B-00C04F79EFBC}") = "Team6.[FbusSchedule].Service", "Team6.[FbusSchedule].Service\Team6.[FbusSchedule].Service.csproj", "{DD814DF4-9ABA-4E58-AE44-BB7E47DFEE9B}"
EndProject
Global
	GlobalSection(SolutionConfigurationPlatforms) = preSolution
		Debug|Any CPU = Debug|Any CPU
		Release|Any CPU = Release|Any CPU
	EndGlobalSection
	GlobalSection(ProjectConfigurationPlatforms) = postSolution
		{FA311918-F242-40B5-B051-B682D211CD34}.Debug|Any CPU.ActiveCfg = Debug|Any CPU
		{FA311918-F242-40B5-B051-B682D211CD34}.Debug|Any CPU.Build.0 = Debug|Any CPU
		{FA311918-F242-40B5-B051-B682D211CD34}.Release|Any CPU.ActiveCfg = Release|Any CPU
		{FA311918-F242-40B5-B051-B682D211CD34}.Release|Any CPU.Build.0 = Release|Any CPU
		{41F7C784-FB8D-43EA-874D-3C8811CD085F}.Debug|Any CPU.ActiveCfg = Debug|Any CPU
		{41F7C784-FB8D-43EA-874D-3C8811CD085F}.Debug|Any CPU.Build.0 = Debug|Any CPU
		{41F7C784-FB8D-43EA-874D-3C8811CD085F}.Release|Any CPU.ActiveCfg = Release|Any CPU
		{41F7C784-FB8D-43EA-874D-3C8811CD085F}.Release|Any CPU.Build.0 = Release|Any CPU
		{DD814DF4-9ABA-4E58-AE44-BB7E47DFEE9B}.Debug|Any CPU.ActiveCfg = Debug|Any CPU
		{DD814DF4-9ABA-4E58-AE44-BB7E47DFEE9B}.Debug|Any CPU.Build.0 = Debug|Any CPU
		{DD814DF4-9ABA-4E58-AE44-BB7E47DFEE9B}.Release|Any CPU.ActiveCfg = Release|Any CPU
		{DD814DF4-9ABA-4E58-AE44-BB7E47DFEE9B}.Release|Any CPU.Build.0 = Release|Any CPU
	EndGlobalSection
	GlobalSection(SolutionProperties) = preSolution
		HideSolutionNode = FALSE
	EndGlobalSection
	GlobalSection(ExtensibilityGlobals) = postSolution
		SolutionGuid = {5534D388-03C4-437C-A31E-E53B6E1888A4}
	EndGlobalSection
EndGlobal
